
Microsoft Visual Studio Solution File, Format Version 12.00
# Visual Studio 15
VisualStudioVersion = 15.0.27130.2010
MinimumVisualStudioVersion = 10.0.40219.1
Project("{F184B08F-C81C-45F6-A57F-5ABD9991F28F}") = "ApiWalle", "ApiWalle\ApiWalle.vbproj", "{85C232A8-AA81-4E80-AB77-4D8F161157E6}"
EndProject
Global
	GlobalSection(SolutionConfigurationPlatforms) = preSolution
		Debug|Any CPU = Debug|Any CPU
		Release|Any CPU = Release|Any CPU
	EndGlobalSection
	GlobalSection(ProjectConfigurationPlatforms) = postSolution
		{85C232A8-AA81-4E80-AB77-4D8F161157E6}.Debug|Any CPU.ActiveCfg = Debug|Any CPU
		{85C232A8-AA81-4E80-AB77-4D8F161157E6}.Debug|Any CPU.Build.0 = Debug|Any CPU
		{85C232A8-AA81-4E80-AB77-4D8F161157E6}.Release|Any CPU.ActiveCfg = Release|Any CPU
		{85C232A8-AA81-4E80-AB77-4D8F161157E6}.Release|Any CPU.Build.0 = Release|Any CPU
	EndGlobalSection
	GlobalSection(SolutionProperties) = preSolution
		HideSolutionNode = FALSE
	EndGlobalSection
	GlobalSection(ExtensibilityGlobals) = postSolution
		SolutionGuid = {B714497E-8C31-4FF8-B05C-F2DC388BDA41}
	EndGlobalSection
EndGlobal
